--- 
dependencies: 
  ruby-debug: 
    group: 
    - :test
    version: ">= 0"
    require: []

  rails: 
    group: 
    - :default
    version: = 2.3.4
  sqlite3-ruby: 
    group: 
    - :default
    version: ~> 1.3.1
  sunspot: 
    group: 
    - :default
    version: ">= 0"
  sunspot_rails: 
    group: 
    - :default
    version: ">= 0"
  rspec-rails: 
    group: 
    - :test
    version: ~> 1.3.0
specs: 
- rake: 
    version: 0.8.7
- activesupport: 
    version: 2.3.4
- rack: 
    version: 1.0.1
- actionpack: 
    version: 2.3.4
- actionmailer: 
    version: 2.3.4
- activerecord: 
    version: 2.3.4
- activeresource: 
    version: 2.3.4
- builder: 
    version: 2.1.2
- columnize: 
    version: 0.3.1
- escape: 
    version: 0.0.4
- json_pure: 
    version: 1.4.6
- rubyforge: 
    version: 2.0.4
- hoe: 
    version: 2.6.1
- geohash: 
    version: 1.0.1
- linecache: 
    version: "0.43"
- rails: 
    version: 2.3.4
- rsolr: 
    version: 0.12.1
- rspec: 
    version: 1.3.0
- rspec-rails: 
    version: 1.3.2
- ruby-debug-base: 
    version: 0.10.3
- ruby-debug: 
    version: 0.10.3
- sqlite3-ruby: 
    version: 1.3.1
- sunspot: 
    version: 1.2rc1
    source: 1
- sunspot_rails: 
    version: 1.2rc1
    source: 0
hash: 474c3240163f647b618987a01e6faa2b34cf414b
sources: 
- Path: 
    path: !ruby/object:Pathname 
      path: /home/mat/Projects/sunspot/sunspot_rails
- Path: 
    path: !ruby/object:Pathname 
      path: /home/mat/Projects/sunspot/sunspot
- Rubygems: 
    uri: http://gemcutter.org
